// !$*UTF8*$!
{
	archiveVersion = 1;
	classes = {
	};
	objectVersion = 50;
	objects = {

/* Begin PBXBuildFile section */
		130B6935265BC3120018606D /* DoisMPharmaOneApp.swift in Sources */ = {isa = PBXBuildFile; fileRef = 130B6934265BC3120018606D /* DoisMPharmaOneApp.swift */; };
		130B6937265BC3120018606D /* ContentView.swift in Sources */ = {isa = PBXBuildFile; fileRef = 130B6936265BC3120018606D /* ContentView.swift */; };
		130B6939265BC3130018606D /* Assets.xcassets in Resources */ = {isa = PBXBuildFile; fileRef = 130B6938265BC3130018606D /* Assets.xcassets */; };
		130B693C265BC3130018606D /* Preview Assets.xcassets in Resources */ = {isa = PBXBuildFile; fileRef = 130B693B265BC3130018606D /* Preview Assets.xcassets */; };
		130B6946265BECFD0018606D /* FirstTabView.swift in Sources */ = {isa = PBXBuildFile; fileRef = 130B6945265BECFD0018606D /* FirstTabView.swift */; };
		130B6948265BED120018606D /* SecondTabView.swift in Sources */ = {isa = PBXBuildFile; fileRef = 130B6947265BED120018606D /* SecondTabView.swift */; };
		130B694A265BEE6D0018606D /* SecondTabViewDetail.swift in Sources */ = {isa = PBXBuildFile; fileRef = 130B6949265BEE6D0018606D /* SecondTabViewDetail.swift */; };
		130B694C265BF34C0018606D /* ProdutoView.swift in Sources */ = {isa = PBXBuildFile; fileRef = 130B694B265BF34C0018606D /* ProdutoView.swift */; };
/* End PBXBuildFile section */

/* Begin PBXFileReference section */
		130B6931265BC3120018606D /* DoisMPharmaOne.app */ = {isa = PBXFileReference; explicitFileType = wrapper.application; includeInIndex = 0; path = DoisMPharmaOne.app; sourceTree = BUILT_PRODUCTS_DIR; };
		130B6934265BC3120018606D /* DoisMPharmaOneApp.swift */ = {isa = PBXFileReference; lastKnownFileType = sourcecode.swift; path = DoisMPharmaOneApp.swift; sourceTree = "<group>"; };
		130B6936265BC3120018606D /* ContentView.swift */ = {isa = PBXFileReference; lastKnownFileType = sourcecode.swift; path = ContentView.swift; sourceTree = "<group>"; };
		130B6938265BC3130018606D /* Assets.xcassets */ = {isa = PBXFileReference; lastKnownFileType = folder.assetcatalog; path = Assets.xcassets; sourceTree = "<group>"; };
		130B693B265BC3130018606D /* Preview Assets.xcassets */ = {isa = PBXFileReference; lastKnownFileType = folder.assetcatalog; path = "Preview Assets.xcassets"; sourceTree = "<group>"; };
		130B693D265BC3130018606D /* Info.plist */ = {isa = PBXFileReference; lastKnownFileType = text.plist.xml; path = Info.plist; sourceTree = "<group>"; };
		130B6945265BECFD0018606D /* FirstTabView.swift */ = {isa = PBXFileReference; lastKnownFileType = sourcecode.swift; path = FirstTabView.swift; sourceTree = "<group>"; };
		130B6947265BED120018606D /* SecondTabView.swift */ = {isa = PBXFileReference; lastKnownFileType = sourcecode.swift; path = SecondTabView.swift; sourceTree = "<group>"; };
		130B6949265BEE6D0018606D /* SecondTabViewDetail.swift */ = {isa = PBXFileReference; lastKnownFileType = sourcecode.swift; path = SecondTabViewDetail.swift; sourceTree = "<group>"; };
		130B694B265BF34C0018606D /* ProdutoView.swift */ = {isa = PBXFileReference; lastKnownFileType = sourcecode.swift; path = ProdutoView.swift; sourceTree = "<group>"; };
/* End PBXFileReference section */

/* Begin PBXFrameworksBuildPhase section */
		130B692E265BC3120018606D /* Frameworks */ = {
			isa = PBXFrameworksBuildPhase;
			buildActionMask = 2147483647;
			files = (
			);
			runOnlyForDeploymentPostprocessing = 0;
		};
/* End PBXFrameworksBuildPhase section */

/* Begin PBXGroup section */
		130B6928265BC3120018606D = {
			isa = PBXGroup;
			children = (
				130B6933265BC3120018606D /* DoisMPharmaOne */,
				130B6932265BC3120018606D /* Products */,
			);
			sourceTree = "<group>";
		};
		130B6932265BC3120018606D /* Products */ = {
			isa = PBXGroup;
			children = (
				130B6931265BC3120018606D /* DoisMPharmaOne.app */,
			);
			name = Products;
			sourceTree = "<group>";
		};
		130B6933265BC3120018606D /* DoisMPharmaOne */ = {
			isa = PBXGroup;
			children = (
				130B6944265BECDD0018606D /* first tab */,
				130B6943265BECC40018606D /* second tab */,
				130B6934265BC3120018606D /* DoisMPharmaOneApp.swift */,
				130B6936265BC3120018606D /* ContentView.swift */,
				130B6938265BC3130018606D /* Assets.xcassets */,
				130B693D265BC3130018606D /* Info.plist */,
				130B693A265BC3130018606D /* Preview Content */,
			);
			path = DoisMPharmaOne;
			sourceTree = "<group>";
		};
		130B693A265BC3130018606D /* Preview Content */ = {
			isa = PBXGroup;
			children = (
				130B693B265BC3130018606D /* Preview Assets.xcassets */,
			);
			path = "Preview Content";
			sourceTree = "<group>";
		};
		130B6943265BECC40018606D /* second tab */ = {
			isa = PBXGroup;
			children = (
				130B6947265BED120018606D /* SecondTabView.swift */,
				130B6949265BEE6D0018606D /* SecondTabViewDetail.swift */,
				130B694B265BF34C0018606D /* ProdutoView.swift */,
			);
			path = "second tab";
			sourceTree = "<group>";
		};
		130B6944265BECDD0018606D /* first tab */ = {
			isa = PBXGroup;
			children = (
				130B6945265BECFD0018606D /* FirstTabView.swift */,
			);
			path = "first tab";
			sourceTree = "<group>";
		};
/* End PBXGroup section */

/* Begin PBXNativeTarget section */
		130B6930265BC3120018606D /* DoisMPharmaOne */ = {
			isa = PBXNativeTarget;
			buildConfigurationList = 130B6940265BC3130018606D /* Build configuration list for PBXNativeTarget "DoisMPharmaOne" */;
			buildPhases = (
				130B692D265BC3120018606D /* Sources */,
				130B692E265BC3120018606D /* Frameworks */,
				130B692F265BC3120018606D /* Resources */,
			);
			buildRules = (
			);
			dependencies = (
			);
			name = DoisMPharmaOne;
			productName = DoisMPharmaOne;
			productReference = 130B6931265BC3120018606D /* DoisMPharmaOne.app */;
			productType = "com.apple.product-type.application";
		};
/* End PBXNativeTarget section */

/* Begin PBXProject section */
		130B6929265BC3120018606D /* Project object */ = {
			isa = PBXProject;
			attributes = {
				LastSwiftUpdateCheck = 1250;
				LastUpgradeCheck = 1250;
				TargetAttributes = {
					130B6930265BC3120018606D = {
						CreatedOnToolsVersion = 12.5;
					};
				};
			};
			buildConfigurationList = 130B692C265BC3120018606D /* Build configuration list for PBXProject "DoisMPharmaOne" */;
			compatibilityVersion = "Xcode 9.3";
			developmentRegion = en;
			hasScannedForEncodings = 0;
			knownRegions = (
				en,
				Base,
			);
			mainGroup = 130B6928265BC3120018606D;
			productRefGroup = 130B6932265BC3120018606D /* Products */;
			projectDirPath = "";
			projectRoot = "";
			targets = (
				130B6930265BC3120018606D /* DoisMPharmaOne */,
			);
		};
/* End PBXProject section */

/* Begin PBXResourcesBuildPhase section */
		130B692F265BC3120018606D /* Resources */ = {
			isa = PBXResourcesBuildPhase;
			buildActionMask = 2147483647;
			files = (
				130B693C265BC3130018606D /* Preview Assets.xcassets in Resources */,
				130B6939265BC3130018606D /* Assets.xcassets in Resources */,
			);
			runOnlyForDeploymentPostprocessing = 0;
		};
/* End PBXResourcesBuildPhase section */

/* Begin PBXSourcesBuildPhase section */
		130B692D265BC3120018606D /* Sources */ = {
			isa = PBXSourcesBuildPhase;
			buildActionMask = 2147483647;
			files = (
				130B6948265BED120018606D /* SecondTabView.swift in Sources */,
				130B6937265BC3120018606D /* ContentView.swift in Sources */,
				130B694A265BEE6D0018606D /* SecondTabViewDetail.swift in Sources */,
				130B6946265BECFD0018606D /* FirstTabView.swift in Sources */,
				130B694C265BF34C0018606D /* ProdutoView.swift in Sources */,
				130B6935265BC3120018606D /* DoisMPharmaOneApp.swift in Sources */,
			);
			runOnlyForDeploymentPostprocessing = 0;
		};
/* End PBXSourcesBuildPhase section */

/* Begin XCBuildConfiguration section */
		130B693E265BC3130018606D /* Debug */ = {
			isa = XCBuildConfiguration;
			buildSettings = {
				ALWAYS_SEARCH_USER_PATHS = NO;
				CLANG_ANALYZER_NONNULL = YES;
				CLANG_ANALYZER_NUMBER_OBJECT_CONVERSION = YES_AGGRESSIVE;
				CLANG_CXX_LANGUAGE_STANDARD = "gnu++14";
				CLANG_CXX_LIBRARY = "libc++";
				CLANG_ENABLE_MODULES = YES;
				CLANG_ENABLE_OBJC_ARC = YES;
				CLANG_ENABLE_OBJC_WEAK = YES;
				CLANG_WARN_BLOCK_CAPTURE_AUTORELEASING = YES;
				CLANG_WARN_BOOL_CONVERSION = YES;
				CLANG_WARN_COMMA = YES;
				CLANG_WARN_CONSTANT_CONVERSION = YES;
				CLANG_WARN_DEPRECATED_OBJC_IMPLEMENTATIONS = YES;
				CLANG_WARN_DIRECT_OBJC_ISA_USAGE = YES_ERROR;
				CLANG_WARN_DOCUMENTATION_COMMENTS = YES;
				CLANG_WARN_EMPTY_BODY = YES;
				CLANG_WARN_ENUM_CONVERSION = YES;
				CLANG_WARN_INFINITE_RECURSION = YES;
				CLANG_WARN_INT_CONVERSION = YES;
				CLANG_WARN_NON_LITERAL_NULL_CONVERSION = YES;
				CLANG_WARN_OBJC_IMPLICIT_RETAIN_SELF = YES;
				CLANG_WARN_OBJC_LITERAL_CONVERSION = YES;
				CLANG_WARN_OBJC_ROOT_CLASS = YES_ERROR;
				CLANG_WARN_QUOTED_INCLUDE_IN_FRAMEWORK_HEADER = YES;
				CLANG_WARN_RANGE_LOOP_ANALYSIS = YES;
				CLANG_WARN_STRICT_PROTOTYPES = YES;
				CLANG_WARN_SUSPICIOUS_MOVE = YES;
				CLANG_WARN_UNGUARDED_AVAILABILITY = YES_AGGRESSIVE;
				CLANG_WARN_UNREACHABLE_CODE = YES;
				CLANG_WARN__DUPLICATE_METHOD_MATCH = YES;
				COPY_PHASE_STRIP = NO;
				DEBUG_INFORMATION_FORMAT = dwarf;
				ENABLE_STRICT_OBJC_MSGSEND = YES;
				ENABLE_TESTABILITY = YES;
				GCC_C_LANGUAGE_STANDARD = gnu11;
				GCC_DYNAMIC_NO_PIC = NO;
				GCC_NO_COMMON_BLOCKS = YES;
				GCC_OPTIMIZATION_LEVEL = 0;
				GCC_PREPROCESSOR_DEFINITIONS = (
					"DEBUG=1",
					"$(inherited)",
				);
				GCC_WARN_64_TO_32_BIT_CONVERSION = YES;
				GCC_WARN_ABOUT_RETURN_TYPE = YES_ERROR;
				GCC_WARN_UNDECLARED_SELECTOR = YES;
				GCC_WARN_UNINITIALIZED_AUTOS = YES_AGGRESSIVE;
				GCC_WARN_UNUSED_FUNCTION = YES;
				GCC_WARN_UNUSED_VARIABLE = YES;
				IPHONEOS_DEPLOYMENT_TARGET = 14.5;
				MTL_ENABLE_DEBUG_INFO = INCLUDE_SOURCE;
				MTL_FAST_MATH = YES;
				ONLY_ACTIVE_ARCH = YES;
				SDKROOT = iphoneos;
				SWIFT_ACTIVE_COMPILATION_CONDITIONS = DEBUG;
				SWIFT_OPTIMIZATION_LEVEL = "-Onone";
			};
			name = Debug;
		};
		130B693F265BC3130018606D /* Release */ = {
			isa = XCBuildConfiguration;
			buildSettings = {
				ALWAYS_SEARCH_USER_PATHS = NO;
				CLANG_ANALYZER_NONNULL = YES;
				CLANG_ANALYZER_NUMBER_OBJECT_CONVERSION = YES_AGGRESSIVE;
				CLANG_CXX_LANGUAGE_STANDARD = "gnu++14";
				CLANG_CXX_LIBRARY = "libc++";
				CLANG_ENABLE_MODULES = YES;
				CLANG_ENABLE_OBJC_ARC = YES;
				CLANG_ENABLE_OBJC_WEAK = YES;
				CLANG_WARN_BLOCK_CAPTURE_AUTORELEASING = YES;
				CLANG_WARN_BOOL_CONVERSION = YES;
				CLANG_WARN_COMMA = YES;
				CLANG_WARN_CONSTANT_CONVERSION = YES;
				CLANG_WARN_DEPRECATED_OBJC_IMPLEMENTATIONS = YES;
				CLANG_WARN_DIRECT_OBJC_ISA_USAGE = YES_ERROR;
				CLANG_WARN_DOCUMENTATION_COMMENTS = YES;
				CLANG_WARN_EMPTY_BODY = YES;
				CLANG_WARN_ENUM_CONVERSION = YES;
				CLANG_WARN_INFINITE_RECURSION = YES;
				CLANG_WARN_INT_CONVERSION = YES;
				CLANG_WARN_NON_LITERAL_NULL_CONVERSION = YES;
				CLANG_WARN_OBJC_IMPLICIT_RETAIN_SELF = YES;
				CLANG_WARN_OBJC_LITERAL_CONVERSION = YES;
				CLANG_WARN_OBJC_ROOT_CLASS = YES_ERROR;
				CLANG_WARN_QUOTED_INCLUDE_IN_FRAMEWORK_HEADER = YES;
				CLANG_WARN_RANGE_LOOP_ANALYSIS = YES;
				CLANG_WARN_STRICT_PROTOTYPES = YES;
				CLANG_WARN_SUSPICIOUS_MOVE = YES;
				CLANG_WARN_UNGUARDED_AVAILABILITY = YES_AGGRESSIVE;
				CLANG_WARN_UNREACHABLE_CODE = YES;
				CLANG_WARN__DUPLICATE_METHOD_MATCH = YES;
				COPY_PHASE_STRIP = NO;
				DEBUG_INFORMATION_FORMAT = "dwarf-with-dsym";
				ENABLE_NS_ASSERTIONS = NO;
				ENABLE_STRICT_OBJC_MSGSEND = YES;
				GCC_C_LANGUAGE_STANDARD = gnu11;
				GCC_NO_COMMON_BLOCKS = YES;
				GCC_WARN_64_TO_32_BIT_CONVERSION = YES;
				GCC_WARN_ABOUT_RETURN_TYPE = YES_ERROR;
				GCC_WARN_UNDECLARED_SELECTOR = YES;
				GCC_WARN_UNINITIALIZED_AUTOS = YES_AGGRESSIVE;
				GCC_WARN_UNUSED_FUNCTION = YES;
				GCC_WARN_UNUSED_VARIABLE = YES;
				IPHONEOS_DEPLOYMENT_TARGET = 14.5;
				MTL_ENABLE_DEBUG_INFO = NO;
				MTL_FAST_MATH = YES;
				SDKROOT = iphoneos;
				SWIFT_COMPILATION_MODE = wholemodule;
				SWIFT_OPTIMIZATION_LEVEL = "-O";
				VALIDATE_PRODUCT = YES;
			};
			name = Release;
		};
		130B6941265BC3130018606D /* Debug */ = {
			isa = XCBuildConfiguration;
			buildSettings = {
				ASSETCATALOG_COMPILER_APPICON_NAME = AppIcon;
				ASSETCATALOG_COMPILER_GLOBAL_ACCENT_COLOR_NAME = AccentColor;
				CODE_SIGN_STYLE = Automatic;
				DEVELOPMENT_ASSET_PATHS = "\"DoisMPharmaOne/Preview Content\"";
				DEVELOPMENT_TEAM = 3392JT3M33;
				ENABLE_PREVIEWS = YES;
				INFOPLIST_FILE = DoisMPharmaOne/Info.plist;
				IPHONEOS_DEPLOYMENT_TARGET = 14.0;
				LD_RUNPATH_SEARCH_PATHS = (
					"$(inherited)",
					"@executable_path/Frameworks",
				);
				PRODUCT_BUNDLE_IDENTIFIER = com.tmjromao.DoisMPharmaOne;
				PRODUCT_NAME = "$(TARGET_NAME)";
				SWIFT_VERSION = 5.0;
				TARGETED_DEVICE_FAMILY = "1,2";
			};
			name = Debug;
		};
		130B6942265BC3130018606D /* Release */ = {
			isa = XCBuildConfiguration;
			buildSettings = {
				ASSETCATALOG_COMPILER_APPICON_NAME = AppIcon;
				ASSETCATALOG_COMPILER_GLOBAL_ACCENT_COLOR_NAME = AccentColor;
				CODE_SIGN_STYLE = Automatic;
				DEVELOPMENT_ASSET_PATHS = "\"DoisMPharmaOne/Preview Content\"";
				DEVELOPMENT_TEAM = 3392JT3M33;
				ENABLE_PREVIEWS = YES;
				INFOPLIST_FILE = DoisMPharmaOne/Info.plist;
				IPHONEOS_DEPLOYMENT_TARGET = 14.0;
				LD_RUNPATH_SEARCH_PATHS = (
					"$(inherited)",
					"@executable_path/Frameworks",
				);
				PRODUCT_BUNDLE_IDENTIFIER = com.tmjromao.DoisMPharmaOne;
				PRODUCT_NAME = "$(TARGET_NAME)";
				SWIFT_VERSION = 5.0;
				TARGETED_DEVICE_FAMILY = "1,2";
			};
			name = Release;
		};
/* End XCBuildConfiguration section */

/* Begin XCConfigurationList section */
		130B692C265BC3120018606D /* Build configuration list for PBXProject "DoisMPharmaOne" */ = {
			isa = XCConfigurationList;
			buildConfigurations = (
				130B693E265BC3130018606D /* Debug */,
				130B693F265BC3130018606D /* Release */,
			);
			defaultConfigurationIsVisible = 0;
			defaultConfigurationName = Release;
		};
		130B6940265BC3130018606D /* Build configuration list for PBXNativeTarget "DoisMPharmaOne" */ = {
			isa = XCConfigurationList;
			buildConfigurations = (
				130B6941265BC3130018606D /* Debug */,
				130B6942265BC3130018606D /* Release */,
			);
			defaultConfigurationIsVisible = 0;
			defaultConfigurationName = Release;
		};
/* End XCConfigurationList section */
	};
	rootObject = 130B6929265BC3120018606D /* Project object */;
}
